
Microsoft Visual Studio Solution File, Format Version 12.00
# Visual Studio Version 17
VisualStudioVersion = 17.13.35931.197 d17.13
MinimumVisualStudioVersion = 10.0.40219.1
Project("{FAE04EC0-301F-11D3-BF4B-00C04F79EFBC}") = "NoMoreNewFile", "NoMoreNewFile.csproj", "{1BD0C2CB-70FB-4F69-A8BD-34C3F8C654C5}"
EndProject
Global
	GlobalSection(SolutionConfigurationPlatforms) = preSolution
		Debug|Any CPU = Debug|Any CPU
		Release|Any CPU = Release|Any CPU
	EndGlobalSection
	GlobalSection(ProjectConfigurationPlatforms) = postSolution
		{1BD0C2CB-70FB-4F69-A8BD-34C3F8C654C5}.Debug|Any CPU.ActiveCfg = Debug|Any CPU
		{1BD0C2CB-70FB-4F69-A8BD-34C3F8C654C5}.Debug|Any CPU.Build.0 = Debug|Any CPU
		{1BD0C2CB-70FB-4F69-A8BD-34C3F8C654C5}.Release|Any CPU.ActiveCfg = Release|Any CPU
		{1BD0C2CB-70FB-4F69-A8BD-34C3F8C654C5}.Release|Any CPU.Build.0 = Release|Any CPU
	EndGlobalSection
	GlobalSection(SolutionProperties) = preSolution
		HideSolutionNode = FALSE
	EndGlobalSection
	GlobalSection(ExtensibilityGlobals) = postSolution
		SolutionGuid = {F967C657-635C-4B01-BA99-38C3EF7007EF}
	EndGlobalSection
EndGlobal
